
Microsoft Visual Studio Solution File, Format Version 12.00
# Visual Studio Version 17
VisualStudioVersion = 17.9.34728.123
MinimumVisualStudioVersion = 10.0.40219.1
Project("{FAE04EC0-301F-11D3-BF4B-00C04F79EFBC}") = "GraphQLEI.API", "GraphQLEI.API\GraphQLEI.API.csproj", "{1A992010-E87D-482B-B749-EF61372A4042}"
EndProject
Global
	GlobalSection(SolutionConfigurationPlatforms) = preSolution
		Debug|Any CPU = Debug|Any CPU
		Release|Any CPU = Release|Any CPU
	EndGlobalSection
	GlobalSection(ProjectConfigurationPlatforms) = postSolution
		{1A992010-E87D-482B-B749-EF61372A4042}.Debug|Any CPU.ActiveCfg = Debug|Any CPU
		{1A992010-E87D-482B-B749-EF61372A4042}.Debug|Any CPU.Build.0 = Debug|Any CPU
		{1A992010-E87D-482B-B749-EF61372A4042}.Release|Any CPU.ActiveCfg = Release|Any CPU
		{1A992010-E87D-482B-B749-EF61372A4042}.Release|Any CPU.Build.0 = Release|Any CPU
	EndGlobalSection
	GlobalSection(SolutionProperties) = preSolution
		HideSolutionNode = FALSE
	EndGlobalSection
	GlobalSection(ExtensibilityGlobals) = postSolution
		SolutionGuid = {251CE4A5-F563-4C56-96E3-29173426D620}
	EndGlobalSection
EndGlobal
